
Microsoft Visual Studio Solution File, Format Version 12.00
# Visual Studio Version 17
VisualStudioVersion = 17.6.33829.357
MinimumVisualStudioVersion = 10.0.40219.1
Project("{FAE04EC0-301F-11D3-BF4B-00C04F79EFBC}") = "DataHub", "DataHub\DataHub.csproj", "{46601F7B-7C97-41FD-8D7B-5D71C042C63E}"
EndProject
Global
	GlobalSection(SolutionConfigurationPlatforms) = preSolution
		Debug|Any CPU = Debug|Any CPU
		Release|Any CPU = Release|Any CPU
	EndGlobalSection
	GlobalSection(ProjectConfigurationPlatforms) = postSolution
		{46601F7B-7C97-41FD-8D7B-5D71C042C63E}.Debug|Any CPU.ActiveCfg = Debug|Any CPU
		{46601F7B-7C97-41FD-8D7B-5D71C042C63E}.Debug|Any CPU.Build.0 = Debug|Any CPU
		{46601F7B-7C97-41FD-8D7B-5D71C042C63E}.Release|Any CPU.ActiveCfg = Release|Any CPU
		{46601F7B-7C97-41FD-8D7B-5D71C042C63E}.Release|Any CPU.Build.0 = Release|Any CPU
	EndGlobalSection
	GlobalSection(SolutionProperties) = preSolution
		HideSolutionNode = FALSE
	EndGlobalSection
	GlobalSection(ExtensibilityGlobals) = postSolution
		SolutionGuid = {D12DD2E8-CCE4-45CC-8CDA-297C40B398E5}
	EndGlobalSection
EndGlobal
